// !$*UTF8*$!
{
	archiveVersion = 1;
	classes = {
	};
	objectVersion = 46;
	objects = {

/* Begin PBXBuildFile section */
		E22C07CE1EE7A16E00233E2A /* AppDelegate.swift in Sources */ = {isa = PBXBuildFile; fileRef = E22C07CD1EE7A16E00233E2A /* AppDelegate.swift */; };
		E22C07D01EE7A16E00233E2A /* ViewController.swift in Sources */ = {isa = PBXBuildFile; fileRef = E22C07CF1EE7A16E00233E2A /* ViewController.swift */; };
		E22C07D31EE7A16E00233E2A /* Main.storyboard in Resources */ = {isa = PBXBuildFile; fileRef = E22C07D11EE7A16E00233E2A /* Main.storyboard */; };
		E22C07D51EE7A16E00233E2A /* Assets.xcassets in Resources */ = {isa = PBXBuildFile; fileRef = E22C07D41EE7A16E00233E2A /* Assets.xcassets */; };
		E22C07D81EE7A16E00233E2A /* LaunchScreen.storyboard in Resources */ = {isa = PBXBuildFile; fileRef = E22C07D61EE7A16E00233E2A /* LaunchScreen.storyboard */; };
/* End PBXBuildFile section */

/* Begin PBXFileReference section */
		E22C07CA1EE7A16E00233E2A /* UISliderUISwitch.app */ = {isa = PBXFileReference; explicitFileType = wrapper.application; includeInIndex = 0; path = UISliderUISwitch.app; sourceTree = BUILT_PRODUCTS_DIR; };
		E22C07CD1EE7A16E00233E2A /* AppDelegate.swift */ = {isa = PBXFileReference; lastKnownFileType = sourcecode.swift; path = AppDelegate.swift; sourceTree = "<group>"; };
		E22C07CF1EE7A16E00233E2A /* ViewController.swift */ = {isa = PBXFileReference; lastKnownFileType = sourcecode.swift; path = ViewController.swift; sourceTree = "<group>"; };
		E22C07D21EE7A16E00233E2A /* Base */ = {isa = PBXFileReference; lastKnownFileType = file.storyboard; name = Base; path = Base.lproj/Main.storyboard; sourceTree = "<group>"; };
		E22C07D41EE7A16E00233E2A /* Assets.xcassets */ = {isa = PBXFileReference; lastKnownFileType = folder.assetcatalog; path = Assets.xcassets; sourceTree = "<group>"; };
		E22C07D71EE7A16E00233E2A /* Base */ = {isa = PBXFileReference; lastKnownFileType = file.storyboard; name = Base; path = Base.lproj/LaunchScreen.storyboard; sourceTree = "<group>"; };
		E22C07D91EE7A16E00233E2A /* Info.plist */ = {isa = PBXFileReference; lastKnownFileType = text.plist.xml; path = Info.plist; sourceTree = "<group>"; };
/* End PBXFileReference section */

/* Begin PBXFrameworksBuildPhase section */
		E22C07C71EE7A16E00233E2A /* Frameworks */ = {
			isa = PBXFrameworksBuildPhase;
			buildActionMask = 2147483647;
			files = (
			);
			runOnlyForDeploymentPostprocessing = 0;
		};
/* End PBXFrameworksBuildPhase section */

/* Begin PBXGroup section */
		E22C07C11EE7A16E00233E2A = {
			isa = PBXGroup;
			children = (
				E22C07CC1EE7A16E00233E2A /* UISliderUISwitch */,
				E22C07CB1EE7A16E00233E2A /* Products */,
			);
			sourceTree = "<group>";
		};
		E22C07CB1EE7A16E00233E2A /* Products */ = {
			isa = PBXGroup;
			children = (
				E22C07CA1EE7A16E00233E2A /* UISliderUISwitch.app */,
			);
			name = Products;
			sourceTree = "<group>";
		};
		E22C07CC1EE7A16E00233E2A /* UISliderUISwitch */ = {
			isa = PBXGroup;
			children = (
				E22C07CD1EE7A16E00233E2A /* AppDelegate.swift */,
				E22C07CF1EE7A16E00233E2A /* ViewController.swift */,
				E22C07D11EE7A16E00233E2A /* Main.storyboard */,
				E22C07D41EE7A16E00233E2A /* Assets.xcassets */,
				E22C07D61EE7A16E00233E2A /* LaunchScreen.storyboard */,
				E22C07D91EE7A16E00233E2A /* Info.plist */,
			);
			path = UISliderUISwitch;
			sourceTree = "<group>";
		};
/* End PBXGroup section */

/* Begin PBXNativeTarget section */
		E22C07C91EE7A16E00233E2A /* UISliderUISwitch */ = {
			isa = PBXNativeTarget;
			buildConfigurationList = E22C07DC1EE7A16E00233E2A /* Build configuration list for PBXNativeTarget "UISliderUISwitch" */;
			buildPhases = (
				E22C07C61EE7A16E00233E2A /* Sources */,
				E22C07C71EE7A16E00233E2A /* Frameworks */,
				E22C07C81EE7A16E00233E2A /* Resources */,
			);
			buildRules = (
			);
			dependencies = (
			);
			name = UISliderUISwitch;
			productName = UISliderUISwitch;
			productReference = E22C07CA1EE7A16E00233E2A /* UISliderUISwitch.app */;
			productType = "com.apple.product-type.application";
		};
/* End PBXNativeTarget section */

/* Begin PBXProject section */
		E22C07C21EE7A16E00233E2A /* Project object */ = {
			isa = PBXProject;
			attributes = {
				LastSwiftUpdateCheck = 0830;
				LastUpgradeCheck = 0830;
				ORGANIZATIONNAME = techmaster;
				TargetAttributes = {
					E22C07C91EE7A16E00233E2A = {
						CreatedOnToolsVersion = 8.3.1;
						ProvisioningStyle = Automatic;
					};
				};
			};
			buildConfigurationList = E22C07C51EE7A16E00233E2A /* Build configuration list for PBXProject "UISliderUISwitch" */;
			compatibilityVersion = "Xcode 3.2";
			developmentRegion = English;
			hasScannedForEncodings = 0;
			knownRegions = (
				en,
				Base,
			);
			mainGroup = E22C07C11EE7A16E00233E2A;
			productRefGroup = E22C07CB1EE7A16E00233E2A /* Products */;
			projectDirPath = "";
			projectRoot = "";
			targets = (
				E22C07C91EE7A16E00233E2A /* UISliderUISwitch */,
			);
		};
/* End PBXProject section */

/* Begin PBXResourcesBuildPhase section */
		E22C07C81EE7A16E00233E2A /* Resources */ = {
			isa = PBXResourcesBuildPhase;
			buildActionMask = 2147483647;
			files = (
				E22C07D81EE7A16E00233E2A /* LaunchScreen.storyboard in Resources */,
				E22C07D51EE7A16E00233E2A /* Assets.xcassets in Resources */,
				E22C07D31EE7A16E00233E2A /* Main.storyboard in Resources */,
			);
			runOnlyForDeploymentPostprocessing = 0;
		};
/* End PBXResourcesBuildPhase section */

/* Begin PBXSourcesBuildPhase section */
		E22C07C61EE7A16E00233E2A /* Sources */ = {
			isa = PBXSourcesBuildPhase;
			buildActionMask = 2147483647;
			files = (
				E22C07D01EE7A16E00233E2A /* ViewController.swift in Sources */,
				E22C07CE1EE7A16E00233E2A /* AppDelegate.swift in Sources */,
			);
			runOnlyForDeploymentPostprocessing = 0;
		};
/* End PBXSourcesBuildPhase section */

/* Begin PBXVariantGroup section */
		E22C07D11EE7A16E00233E2A /* Main.storyboard */ = {
			isa = PBXVariantGroup;
			children = (
				E22C07D21EE7A16E00233E2A /* Base */,
			);
			name = Main.storyboard;
			sourceTree = "<group>";
		};
		E22C07D61EE7A16E00233E2A /* LaunchScreen.storyboard */ = {
			isa = PBXVariantGroup;
			children = (
				E22C07D71EE7A16E00233E2A /* Base */,
			);
			name = LaunchScreen.storyboard;
			sourceTree = "<group>";
		};
/* End PBXVariantGroup section */

/* Begin XCBuildConfiguration section */
		E22C07DA1EE7A16E00233E2A /* Debug */ = {
			isa = XCBuildConfiguration;
			buildSettings = {
				ALWAYS_SEARCH_USER_PATHS = NO;
				CLANG_ANALYZER_NONNULL = YES;
				CLANG_ANALYZER_NUMBER_OBJECT_CONVERSION = YES_AGGRESSIVE;
				CLANG_CXX_LANGUAGE_STANDARD = "gnu++0x";
				CLANG_CXX_LIBRARY = "libc++";
				CLANG_ENABLE_MODULES = YES;
				CLANG_ENABLE_OBJC_ARC = YES;
				CLANG_WARN_BOOL_CONVERSION = YES;
				CLANG_WARN_CONSTANT_CONVERSION = YES;
				CLANG_WARN_DIRECT_OBJC_ISA_USAGE = YES_ERROR;
				CLANG_WARN_DOCUMENTATION_COMMENTS = YES;
				CLANG_WARN_EMPTY_BODY = YES;
				CLANG_WARN_ENUM_CONVERSION = YES;
				CLANG_WARN_INFINITE_RECURSION = YES;
				CLANG_WARN_INT_CONVERSION = YES;
				CLANG_WARN_OBJC_ROOT_CLASS = YES_ERROR;
				CLANG_WARN_SUSPICIOUS_MOVE = YES;
				CLANG_WARN_UNREACHABLE_CODE = YES;
				CLANG_WARN__DUPLICATE_METHOD_MATCH = YES;
				"CODE_SIGN_IDENTITY[sdk=iphoneos*]" = "iPhone Developer";
				COPY_PHASE_STRIP = NO;
				DEBUG_INFORMATION_FORMAT = dwarf;
				ENABLE_STRICT_OBJC_MSGSEND = YES;
				ENABLE_TESTABILITY = YES;
				GCC_C_LANGUAGE_STANDARD = gnu99;
				GCC_DYNAMIC_NO_PIC = NO;
				GCC_NO_COMMON_BLOCKS = YES;
				GCC_OPTIMIZATION_LEVEL = 0;
				GCC_PREPROCESSOR_DEFINITIONS = (
					"DEBUG=1",
					"$(inherited)",
				);
				GCC_WARN_64_TO_32_BIT_CONVERSION = YES;
				GCC_WARN_ABOUT_RETURN_TYPE = YES_ERROR;
				GCC_WARN_UNDECLARED_SELECTOR = YES;
				GCC_WARN_UNINITIALIZED_AUTOS = YES_AGGRESSIVE;
				GCC_WARN_UNUSED_FUNCTION = YES;
				GCC_WARN_UNUSED_VARIABLE = YES;
				IPHONEOS_DEPLOYMENT_TARGET = 10.3;
				MTL_ENABLE_DEBUG_INFO = YES;
				ONLY_ACTIVE_ARCH = YES;
				SDKROOT = iphoneos;
				SWIFT_ACTIVE_COMPILATION_CONDITIONS = DEBUG;
				SWIFT_OPTIMIZATION_LEVEL = "-Onone";
				TARGETED_DEVICE_FAMILY = "1,2";
			};
			name = Debug;
		};
		E22C07DB1EE7A16E00233E2A /* Release */ = {
			isa = XCBuildConfiguration;
			buildSettings = {
				ALWAYS_SEARCH_USER_PATHS = NO;
				CLANG_ANALYZER_NONNULL = YES;
				CLANG_ANALYZER_NUMBER_OBJECT_CONVERSION = YES_AGGRESSIVE;
				CLANG_CXX_LANGUAGE_STANDARD = "gnu++0x";
				CLANG_CXX_LIBRARY = "libc++";
				CLANG_ENABLE_MODULES = YES;
				CLANG_ENABLE_OBJC_ARC = YES;
				CLANG_WARN_BOOL_CONVERSION = YES;
				CLANG_WARN_CONSTANT_CONVERSION = YES;
				CLANG_WARN_DIRECT_OBJC_ISA_USAGE = YES_ERROR;
				CLANG_WARN_DOCUMENTATION_COMMENTS = YES;
				CLANG_WARN_EMPTY_BODY = YES;
				CLANG_WARN_ENUM_CONVERSION = YES;
				CLANG_WARN_INFINITE_RECURSION = YES;
				CLANG_WARN_INT_CONVERSION = YES;
				CLANG_WARN_OBJC_ROOT_CLASS = YES_ERROR;
				CLANG_WARN_SUSPICIOUS_MOVE = YES;
				CLANG_WARN_UNREACHABLE_CODE = YES;
				CLANG_WARN__DUPLICATE_METHOD_MATCH = YES;
				"CODE_SIGN_IDENTITY[sdk=iphoneos*]" = "iPhone Developer";
				COPY_PHASE_STRIP = NO;
				DEBUG_INFORMATION_FORMAT = "dwarf-with-dsym";
				ENABLE_NS_ASSERTIONS = NO;
				ENABLE_STRICT_OBJC_MSGSEND = YES;
				GCC_C_LANGUAGE_STANDARD = gnu99;
				GCC_NO_COMMON_BLOCKS = YES;
				GCC_WARN_64_TO_32_BIT_CONVERSION = YES;
				GCC_WARN_ABOUT_RETURN_TYPE = YES_ERROR;
				GCC_WARN_UNDECLARED_SELECTOR = YES;
				GCC_WARN_UNINITIALIZED_AUTOS = YES_AGGRESSIVE;
				GCC_WARN_UNUSED_FUNCTION = YES;
				GCC_WARN_UNUSED_VARIABLE = YES;
				IPHONEOS_DEPLOYMENT_TARGET = 10.3;
				MTL_ENABLE_DEBUG_INFO = NO;
				SDKROOT = iphoneos;
				SWIFT_OPTIMIZATION_LEVEL = "-Owholemodule";
				TARGETED_DEVICE_FAMILY = "1,2";
				VALIDATE_PRODUCT = YES;
			};
			name = Release;
		};
		E22C07DD1EE7A16E00233E2A /* Debug */ = {
			isa = XCBuildConfiguration;
			buildSettings = {
				ASSETCATALOG_COMPILER_APPICON_NAME = AppIcon;
				INFOPLIST_FILE = UISliderUISwitch/Info.plist;
				LD_RUNPATH_SEARCH_PATHS = "$(inherited) @executable_path/Frameworks";
				PRODUCT_BUNDLE_IDENTIFIER = techmaster.UISliderUISwitch;
				PRODUCT_NAME = "$(TARGET_NAME)";
				SWIFT_VERSION = 3.0;
			};
			name = Debug;
		};
		E22C07DE1EE7A16E00233E2A /* Release */ = {
			isa = XCBuildConfiguration;
			buildSettings = {
				ASSETCATALOG_COMPILER_APPICON_NAME = AppIcon;
				INFOPLIST_FILE = UISliderUISwitch/Info.plist;
				LD_RUNPATH_SEARCH_PATHS = "$(inherited) @executable_path/Frameworks";
				PRODUCT_BUNDLE_IDENTIFIER = techmaster.UISliderUISwitch;
				PRODUCT_NAME = "$(TARGET_NAME)";
				SWIFT_VERSION = 3.0;
			};
			name = Release;
		};
/* End XCBuildConfiguration section */

/* Begin XCConfigurationList section */
		E22C07C51EE7A16E00233E2A /* Build configuration list for PBXProject "UISliderUISwitch" */ = {
			isa = XCConfigurationList;
			buildConfigurations = (
				E22C07DA1EE7A16E00233E2A /* Debug */,
				E22C07DB1EE7A16E00233E2A /* Release */,
			);
			defaultConfigurationIsVisible = 0;
			defaultConfigurationName = Release;
		};
		E22C07DC1EE7A16E00233E2A /* Build configuration list for PBXNativeTarget "UISliderUISwitch" */ = {
			isa = XCConfigurationList;
			buildConfigurations = (
				E22C07DD1EE7A16E00233E2A /* Debug */,
				E22C07DE1EE7A16E00233E2A /* Release */,
			);
			defaultConfigurationIsVisible = 0;
		};
/* End XCConfigurationList section */
	};
	rootObject = E22C07C21EE7A16E00233E2A /* Project object */;
}
